// !$*UTF8*$!
{
	archiveVersion = 1;
	classes = {
	};
	objectVersion = 46;
	objects = {

/* Begin PBXBuildFile section */
		9313BD541F3CE70F00CCD341 /* AppDelegate.swift in Sources */ = {isa = PBXBuildFile; fileRef = 9313BD531F3CE70F00CCD341 /* AppDelegate.swift */; };
		9313BD561F3CE70F00CCD341 /* ViewController.swift in Sources */ = {isa = PBXBuildFile; fileRef = 9313BD551F3CE70F00CCD341 /* ViewController.swift */; };
		9313BD591F3CE70F00CCD341 /* Main.storyboard in Resources */ = {isa = PBXBuildFile; fileRef = 9313BD571F3CE70F00CCD341 /* Main.storyboard */; };
		9313BD5B1F3CE70F00CCD341 /* Assets.xcassets in Resources */ = {isa = PBXBuildFile; fileRef = 9313BD5A1F3CE70F00CCD341 /* Assets.xcassets */; };
		9313BD5E1F3CE70F00CCD341 /* LaunchScreen.storyboard in Resources */ = {isa = PBXBuildFile; fileRef = 9313BD5C1F3CE70F00CCD341 /* LaunchScreen.storyboard */; };
		9313BD691F3CE70F00CCD341 /* iOSMatchCentreTests.swift in Sources */ = {isa = PBXBuildFile; fileRef = 9313BD681F3CE70F00CCD341 /* iOSMatchCentreTests.swift */; };
		9313BD741F3CE70F00CCD341 /* iOSMatchCentreUITests.swift in Sources */ = {isa = PBXBuildFile; fileRef = 9313BD731F3CE70F00CCD341 /* iOSMatchCentreUITests.swift */; };
		9313BD841F3D0F2900CCD341 /* CommentaryViewController.swift in Sources */ = {isa = PBXBuildFile; fileRef = 9313BD831F3D0F2900CCD341 /* CommentaryViewController.swift */; };
		9326AD2A1F3E621C005B0764 /* MatchStatsTableViewController.swift in Sources */ = {isa = PBXBuildFile; fileRef = 9326AD291F3E621C005B0764 /* MatchStatsTableViewController.swift */; };
		9326AD2C1F3E63E9005B0764 /* MatchStatsTableViewCell.swift in Sources */ = {isa = PBXBuildFile; fileRef = 9326AD2B1F3E63E9005B0764 /* MatchStatsTableViewCell.swift */; };
		9326EB2D1F3F4E5C003F9FBA /* Theme.swift in Sources */ = {isa = PBXBuildFile; fileRef = 9326EB2C1F3F4E5C003F9FBA /* Theme.swift */; };
		9326EB311F3F7E9B003F9FBA /* LineUpsViewController.swift in Sources */ = {isa = PBXBuildFile; fileRef = 9326EB301F3F7E9B003F9FBA /* LineUpsViewController.swift */; };
		9326EB331F3F823E003F9FBA /* LineUpsTableViewCell.swift in Sources */ = {isa = PBXBuildFile; fileRef = 9326EB321F3F823E003F9FBA /* LineUpsTableViewCell.swift */; };
		93308AFC1F3DBC5E004C2A38 /* CommentaryTableViewCell.swift in Sources */ = {isa = PBXBuildFile; fileRef = 93308AFB1F3DBC5E004C2A38 /* CommentaryTableViewCell.swift */; };
		93308AFE1F3DCE61004C2A38 /* MatchStatsViewController.swift in Sources */ = {isa = PBXBuildFile; fileRef = 93308AFD1F3DCE61004C2A38 /* MatchStatsViewController.swift */; };
		9356FDF41F421030000DB9AB /* JSONData.swift in Sources */ = {isa = PBXBuildFile; fileRef = 9356FDF31F421030000DB9AB /* JSONData.swift */; };
		9396C65F1F444C9E0048765F /* CustomSegmentedControl.swift in Sources */ = {isa = PBXBuildFile; fileRef = 9396C65E1F444C9E0048765F /* CustomSegmentedControl.swift */; };
/* End PBXBuildFile section */

/* Begin PBXContainerItemProxy section */
		9313BD651F3CE70F00CCD341 /* PBXContainerItemProxy */ = {
			isa = PBXContainerItemProxy;
			containerPortal = 9313BD481F3CE70F00CCD341 /* Project object */;
			proxyType = 1;
			remoteGlobalIDString = 9313BD4F1F3CE70F00CCD341;
			remoteInfo = iOSMatchCentre;
		};
		9313BD701F3CE70F00CCD341 /* PBXContainerItemProxy */ = {
			isa = PBXContainerItemProxy;
			containerPortal = 9313BD481F3CE70F00CCD341 /* Project object */;
			proxyType = 1;
			remoteGlobalIDString = 9313BD4F1F3CE70F00CCD341;
			remoteInfo = iOSMatchCentre;
		};
/* End PBXContainerItemProxy section */

/* Begin PBXFileReference section */
		9313BD501F3CE70F00CCD341 /* iOSMatchCentre.app */ = {isa = PBXFileReference; explicitFileType = wrapper.application; includeInIndex = 0; path = iOSMatchCentre.app; sourceTree = BUILT_PRODUCTS_DIR; };
		9313BD531F3CE70F00CCD341 /* AppDelegate.swift */ = {isa = PBXFileReference; lastKnownFileType = sourcecode.swift; path = AppDelegate.swift; sourceTree = "<group>"; };
		9313BD551F3CE70F00CCD341 /* ViewController.swift */ = {isa = PBXFileReference; lastKnownFileType = sourcecode.swift; path = ViewController.swift; sourceTree = "<group>"; };
		9313BD581F3CE70F00CCD341 /* Base */ = {isa = PBXFileReference; lastKnownFileType = file.storyboard; name = Base; path = Base.lproj/Main.storyboard; sourceTree = "<group>"; };
		9313BD5A1F3CE70F00CCD341 /* Assets.xcassets */ = {isa = PBXFileReference; lastKnownFileType = folder.assetcatalog; path = Assets.xcassets; sourceTree = "<group>"; };
		9313BD5D1F3CE70F00CCD341 /* Base */ = {isa = PBXFileReference; lastKnownFileType = file.storyboard; name = Base; path = Base.lproj/LaunchScreen.storyboard; sourceTree = "<group>"; };
		9313BD5F1F3CE70F00CCD341 /* Info.plist */ = {isa = PBXFileReference; lastKnownFileType = text.plist.xml; path = Info.plist; sourceTree = "<group>"; };
		9313BD641F3CE70F00CCD341 /* iOSMatchCentreTests.xctest */ = {isa = PBXFileReference; explicitFileType = wrapper.cfbundle; includeInIndex = 0; path = iOSMatchCentreTests.xctest; sourceTree = BUILT_PRODUCTS_DIR; };
		9313BD681F3CE70F00CCD341 /* iOSMatchCentreTests.swift */ = {isa = PBXFileReference; lastKnownFileType = sourcecode.swift; path = iOSMatchCentreTests.swift; sourceTree = "<group>"; };
		9313BD6A1F3CE70F00CCD341 /* Info.plist */ = {isa = PBXFileReference; lastKnownFileType = text.plist.xml; path = Info.plist; sourceTree = "<group>"; };
		9313BD6F1F3CE70F00CCD341 /* iOSMatchCentreUITests.xctest */ = {isa = PBXFileReference; explicitFileType = wrapper.cfbundle; includeInIndex = 0; path = iOSMatchCentreUITests.xctest; sourceTree = BUILT_PRODUCTS_DIR; };
		9313BD731F3CE70F00CCD341 /* iOSMatchCentreUITests.swift */ = {isa = PBXFileReference; lastKnownFileType = sourcecode.swift; path = iOSMatchCentreUITests.swift; sourceTree = "<group>"; };
		9313BD751F3CE70F00CCD341 /* Info.plist */ = {isa = PBXFileReference; lastKnownFileType = text.plist.xml; path = Info.plist; sourceTree = "<group>"; };
		9313BD831F3D0F2900CCD341 /* CommentaryViewController.swift */ = {isa = PBXFileReference; fileEncoding = 4; lastKnownFileType = sourcecode.swift; path = CommentaryViewController.swift; sourceTree = "<group>"; };
		9326AD291F3E621C005B0764 /* MatchStatsTableViewController.swift */ = {isa = PBXFileReference; fileEncoding = 4; lastKnownFileType = sourcecode.swift; path = MatchStatsTableViewController.swift; sourceTree = "<group>"; };
		9326AD2B1F3E63E9005B0764 /* MatchStatsTableViewCell.swift */ = {isa = PBXFileReference; fileEncoding = 4; lastKnownFileType = sourcecode.swift; path = MatchStatsTableViewCell.swift; sourceTree = "<group>"; };
		9326EB2C1F3F4E5C003F9FBA /* Theme.swift */ = {isa = PBXFileReference; fileEncoding = 4; lastKnownFileType = sourcecode.swift; path = Theme.swift; sourceTree = "<group>"; };
		9326EB301F3F7E9B003F9FBA /* LineUpsViewController.swift */ = {isa = PBXFileReference; fileEncoding = 4; lastKnownFileType = sourcecode.swift; path = LineUpsViewController.swift; sourceTree = "<group>"; };
		9326EB321F3F823E003F9FBA /* LineUpsTableViewCell.swift */ = {isa = PBXFileReference; fileEncoding = 4; lastKnownFileType = sourcecode.swift; path = LineUpsTableViewCell.swift; sourceTree = "<group>"; };
		93308AFB1F3DBC5E004C2A38 /* CommentaryTableViewCell.swift */ = {isa = PBXFileReference; fileEncoding = 4; lastKnownFileType = sourcecode.swift; path = CommentaryTableViewCell.swift; sourceTree = "<group>"; };
		93308AFD1F3DCE61004C2A38 /* MatchStatsViewController.swift */ = {isa = PBXFileReference; fileEncoding = 4; lastKnownFileType = sourcecode.swift; path = MatchStatsViewController.swift; sourceTree = "<group>"; };
		9356FDF31F421030000DB9AB /* JSONData.swift */ = {isa = PBXFileReference; fileEncoding = 4; lastKnownFileType = sourcecode.swift; path = JSONData.swift; sourceTree = "<group>"; };
		9396C65E1F444C9E0048765F /* CustomSegmentedControl.swift */ = {isa = PBXFileReference; fileEncoding = 4; lastKnownFileType = sourcecode.swift; path = CustomSegmentedControl.swift; sourceTree = "<group>"; };
/* End PBXFileReference section */

/* Begin PBXFrameworksBuildPhase section */
		9313BD4D1F3CE70F00CCD341 /* Frameworks */ = {
			isa = PBXFrameworksBuildPhase;
			buildActionMask = 2147483647;
			files = (
			);
			runOnlyForDeploymentPostprocessing = 0;
		};
		9313BD611F3CE70F00CCD341 /* Frameworks */ = {
			isa = PBXFrameworksBuildPhase;
			buildActionMask = 2147483647;
			files = (
			);
			runOnlyForDeploymentPostprocessing = 0;
		};
		9313BD6C1F3CE70F00CCD341 /* Frameworks */ = {
			isa = PBXFrameworksBuildPhase;
			buildActionMask = 2147483647;
			files = (
			);
			runOnlyForDeploymentPostprocessing = 0;
		};
/* End PBXFrameworksBuildPhase section */

/* Begin PBXGroup section */
		9313BD471F3CE70F00CCD341 = {
			isa = PBXGroup;
			children = (
				9313BD521F3CE70F00CCD341 /* iOSMatchCentre */,
				9313BD671F3CE70F00CCD341 /* iOSMatchCentreTests */,
				9313BD721F3CE70F00CCD341 /* iOSMatchCentreUITests */,
				9313BD511F3CE70F00CCD341 /* Products */,
			);
			sourceTree = "<group>";
		};
		9313BD511F3CE70F00CCD341 /* Products */ = {
			isa = PBXGroup;
			children = (
				9313BD501F3CE70F00CCD341 /* iOSMatchCentre.app */,
				9313BD641F3CE70F00CCD341 /* iOSMatchCentreTests.xctest */,
				9313BD6F1F3CE70F00CCD341 /* iOSMatchCentreUITests.xctest */,
			);
			name = Products;
			sourceTree = "<group>";
		};
		9313BD521F3CE70F00CCD341 /* iOSMatchCentre */ = {
			isa = PBXGroup;
			children = (
				9313BD531F3CE70F00CCD341 /* AppDelegate.swift */,
				9313BD551F3CE70F00CCD341 /* ViewController.swift */,
				93308AFF1F3DCE6C004C2A38 /* Commentary */,
				93308B001F3DCE7D004C2A38 /* Match Stats */,
				9356FDF31F421030000DB9AB /* JSONData.swift */,
				9326EB2C1F3F4E5C003F9FBA /* Theme.swift */,
				9396C65E1F444C9E0048765F /* CustomSegmentedControl.swift */,
				9313BD571F3CE70F00CCD341 /* Main.storyboard */,
				9313BD5A1F3CE70F00CCD341 /* Assets.xcassets */,
				9313BD5C1F3CE70F00CCD341 /* LaunchScreen.storyboard */,
				9313BD5F1F3CE70F00CCD341 /* Info.plist */,
			);
			path = iOSMatchCentre;
			sourceTree = "<group>";
		};
		9313BD671F3CE70F00CCD341 /* iOSMatchCentreTests */ = {
			isa = PBXGroup;
			children = (
				9313BD681F3CE70F00CCD341 /* iOSMatchCentreTests.swift */,
				9313BD6A1F3CE70F00CCD341 /* Info.plist */,
			);
			path = iOSMatchCentreTests;
			sourceTree = "<group>";
		};
		9313BD721F3CE70F00CCD341 /* iOSMatchCentreUITests */ = {
			isa = PBXGroup;
			children = (
				9313BD731F3CE70F00CCD341 /* iOSMatchCentreUITests.swift */,
				9313BD751F3CE70F00CCD341 /* Info.plist */,
			);
			path = iOSMatchCentreUITests;
			sourceTree = "<group>";
		};
		93308AFF1F3DCE6C004C2A38 /* Commentary */ = {
			isa = PBXGroup;
			children = (
				9313BD831F3D0F2900CCD341 /* CommentaryViewController.swift */,
				9356FDF51F42628F000DB9AB /* Custom Cells */,
			);
			name = Commentary;
			sourceTree = "<group>";
		};
		93308B001F3DCE7D004C2A38 /* Match Stats */ = {
			isa = PBXGroup;
			children = (
				93308AFD1F3DCE61004C2A38 /* MatchStatsViewController.swift */,
				9326AD291F3E621C005B0764 /* MatchStatsTableViewController.swift */,
				9326EB301F3F7E9B003F9FBA /* LineUpsViewController.swift */,
				9356FDF21F41A46B000DB9AB /* Custom Cells */,
			);
			name = "Match Stats";
			sourceTree = "<group>";
		};
		9356FDF21F41A46B000DB9AB /* Custom Cells */ = {
			isa = PBXGroup;
			children = (
				9326EB321F3F823E003F9FBA /* LineUpsTableViewCell.swift */,
				9326AD2B1F3E63E9005B0764 /* MatchStatsTableViewCell.swift */,
			);
			name = "Custom Cells";
			sourceTree = "<group>";
		};
		9356FDF51F42628F000DB9AB /* Custom Cells */ = {
			isa = PBXGroup;
			children = (
				93308AFB1F3DBC5E004C2A38 /* CommentaryTableViewCell.swift */,
			);
			name = "Custom Cells";
			sourceTree = "<group>";
		};
/* End PBXGroup section */

/* Begin PBXNativeTarget section */
		9313BD4F1F3CE70F00CCD341 /* iOSMatchCentre */ = {
			isa = PBXNativeTarget;
			buildConfigurationList = 9313BD781F3CE70F00CCD341 /* Build configuration list for PBXNativeTarget "iOSMatchCentre" */;
			buildPhases = (
				9313BD4C1F3CE70F00CCD341 /* Sources */,
				9313BD4D1F3CE70F00CCD341 /* Frameworks */,
				9313BD4E1F3CE70F00CCD341 /* Resources */,
			);
			buildRules = (
			);
			dependencies = (
			);
			name = iOSMatchCentre;
			productName = iOSMatchCentre;
			productReference = 9313BD501F3CE70F00CCD341 /* iOSMatchCentre.app */;
			productType = "com.apple.product-type.application";
		};
		9313BD631F3CE70F00CCD341 /* iOSMatchCentreTests */ = {
			isa = PBXNativeTarget;
			buildConfigurationList = 9313BD7B1F3CE70F00CCD341 /* Build configuration list for PBXNativeTarget "iOSMatchCentreTests" */;
			buildPhases = (
				9313BD601F3CE70F00CCD341 /* Sources */,
				9313BD611F3CE70F00CCD341 /* Frameworks */,
				9313BD621F3CE70F00CCD341 /* Resources */,
			);
			buildRules = (
			);
			dependencies = (
				9313BD661F3CE70F00CCD341 /* PBXTargetDependency */,
			);
			name = iOSMatchCentreTests;
			productName = iOSMatchCentreTests;
			productReference = 9313BD641F3CE70F00CCD341 /* iOSMatchCentreTests.xctest */;
			productType = "com.apple.product-type.bundle.unit-test";
		};
		9313BD6E1F3CE70F00CCD341 /* iOSMatchCentreUITests */ = {
			isa = PBXNativeTarget;
			buildConfigurationList = 9313BD7E1F3CE70F00CCD341 /* Build configuration list for PBXNativeTarget "iOSMatchCentreUITests" */;
			buildPhases = (
				9313BD6B1F3CE70F00CCD341 /* Sources */,
				9313BD6C1F3CE70F00CCD341 /* Frameworks */,
				9313BD6D1F3CE70F00CCD341 /* Resources */,
			);
			buildRules = (
			);
			dependencies = (
				9313BD711F3CE70F00CCD341 /* PBXTargetDependency */,
			);
			name = iOSMatchCentreUITests;
			productName = iOSMatchCentreUITests;
			productReference = 9313BD6F1F3CE70F00CCD341 /* iOSMatchCentreUITests.xctest */;
			productType = "com.apple.product-type.bundle.ui-testing";
		};
/* End PBXNativeTarget section */

/* Begin PBXProject section */
		9313BD481F3CE70F00CCD341 /* Project object */ = {
			isa = PBXProject;
			attributes = {
				LastSwiftUpdateCheck = 0830;
				LastUpgradeCheck = 0830;
				ORGANIZATIONNAME = "George Davies";
				TargetAttributes = {
					9313BD4F1F3CE70F00CCD341 = {
						CreatedOnToolsVersion = 8.3.3;
						DevelopmentTeam = CALM89H945;
						ProvisioningStyle = Automatic;
					};
					9313BD631F3CE70F00CCD341 = {
						CreatedOnToolsVersion = 8.3.3;
						DevelopmentTeam = CALM89H945;
						ProvisioningStyle = Automatic;
						TestTargetID = 9313BD4F1F3CE70F00CCD341;
					};
					9313BD6E1F3CE70F00CCD341 = {
						CreatedOnToolsVersion = 8.3.3;
						DevelopmentTeam = CALM89H945;
						ProvisioningStyle = Automatic;
						TestTargetID = 9313BD4F1F3CE70F00CCD341;
					};
				};
			};
			buildConfigurationList = 9313BD4B1F3CE70F00CCD341 /* Build configuration list for PBXProject "iOSMatchCentre" */;
			compatibilityVersion = "Xcode 3.2";
			developmentRegion = English;
			hasScannedForEncodings = 0;
			knownRegions = (
				en,
				Base,
			);
			mainGroup = 9313BD471F3CE70F00CCD341;
			productRefGroup = 9313BD511F3CE70F00CCD341 /* Products */;
			projectDirPath = "";
			projectRoot = "";
			targets = (
				9313BD4F1F3CE70F00CCD341 /* iOSMatchCentre */,
				9313BD631F3CE70F00CCD341 /* iOSMatchCentreTests */,
				9313BD6E1F3CE70F00CCD341 /* iOSMatchCentreUITests */,
			);
		};
/* End PBXProject section */

/* Begin PBXResourcesBuildPhase section */
		9313BD4E1F3CE70F00CCD341 /* Resources */ = {
			isa = PBXResourcesBuildPhase;
			buildActionMask = 2147483647;
			files = (
				9313BD5E1F3CE70F00CCD341 /* LaunchScreen.storyboard in Resources */,
				9313BD5B1F3CE70F00CCD341 /* Assets.xcassets in Resources */,
				9313BD591F3CE70F00CCD341 /* Main.storyboard in Resources */,
			);
			runOnlyForDeploymentPostprocessing = 0;
		};
		9313BD621F3CE70F00CCD341 /* Resources */ = {
			isa = PBXResourcesBuildPhase;
			buildActionMask = 2147483647;
			files = (
			);
			runOnlyForDeploymentPostprocessing = 0;
		};
		9313BD6D1F3CE70F00CCD341 /* Resources */ = {
			isa = PBXResourcesBuildPhase;
			buildActionMask = 2147483647;
			files = (
			);
			runOnlyForDeploymentPostprocessing = 0;
		};
/* End PBXResourcesBuildPhase section */

/* Begin PBXSourcesBuildPhase section */
		9313BD4C1F3CE70F00CCD341 /* Sources */ = {
			isa = PBXSourcesBuildPhase;
			buildActionMask = 2147483647;
			files = (
				9313BD561F3CE70F00CCD341 /* ViewController.swift in Sources */,
				9326EB2D1F3F4E5C003F9FBA /* Theme.swift in Sources */,
				93308AFE1F3DCE61004C2A38 /* MatchStatsViewController.swift in Sources */,
				9313BD541F3CE70F00CCD341 /* AppDelegate.swift in Sources */,
				9326EB311F3F7E9B003F9FBA /* LineUpsViewController.swift in Sources */,
				93308AFC1F3DBC5E004C2A38 /* CommentaryTableViewCell.swift in Sources */,
				9356FDF41F421030000DB9AB /* JSONData.swift in Sources */,
				9326EB331F3F823E003F9FBA /* LineUpsTableViewCell.swift in Sources */,
				9313BD841F3D0F2900CCD341 /* CommentaryViewController.swift in Sources */,
				9326AD2C1F3E63E9005B0764 /* MatchStatsTableViewCell.swift in Sources */,
				9326AD2A1F3E621C005B0764 /* MatchStatsTableViewController.swift in Sources */,
				9396C65F1F444C9E0048765F /* CustomSegmentedControl.swift in Sources */,
			);
			runOnlyForDeploymentPostprocessing = 0;
		};
		9313BD601F3CE70F00CCD341 /* Sources */ = {
			isa = PBXSourcesBuildPhase;
			buildActionMask = 2147483647;
			files = (
				9313BD691F3CE70F00CCD341 /* iOSMatchCentreTests.swift in Sources */,
			);
			runOnlyForDeploymentPostprocessing = 0;
		};
		9313BD6B1F3CE70F00CCD341 /* Sources */ = {
			isa = PBXSourcesBuildPhase;
			buildActionMask = 2147483647;
			files = (
				9313BD741F3CE70F00CCD341 /* iOSMatchCentreUITests.swift in Sources */,
			);
			runOnlyForDeploymentPostprocessing = 0;
		};
/* End PBXSourcesBuildPhase section */

/* Begin PBXTargetDependency section */
		9313BD661F3CE70F00CCD341 /* PBXTargetDependency */ = {
			isa = PBXTargetDependency;
			target = 9313BD4F1F3CE70F00CCD341 /* iOSMatchCentre */;
			targetProxy = 9313BD651F3CE70F00CCD341 /* PBXContainerItemProxy */;
		};
		9313BD711F3CE70F00CCD341 /* PBXTargetDependency */ = {
			isa = PBXTargetDependency;
			target = 9313BD4F1F3CE70F00CCD341 /* iOSMatchCentre */;
			targetProxy = 9313BD701F3CE70F00CCD341 /* PBXContainerItemProxy */;
		};
/* End PBXTargetDependency section */

/* Begin PBXVariantGroup section */
		9313BD571F3CE70F00CCD341 /* Main.storyboard */ = {
			isa = PBXVariantGroup;
			children = (
				9313BD581F3CE70F00CCD341 /* Base */,
			);
			name = Main.storyboard;
			sourceTree = "<group>";
		};
		9313BD5C1F3CE70F00CCD341 /* LaunchScreen.storyboard */ = {
			isa = PBXVariantGroup;
			children = (
				9313BD5D1F3CE70F00CCD341 /* Base */,
			);
			name = LaunchScreen.storyboard;
			sourceTree = "<group>";
		};
/* End PBXVariantGroup section */

/* Begin XCBuildConfiguration section */
		9313BD761F3CE70F00CCD341 /* Debug */ = {
			isa = XCBuildConfiguration;
			buildSettings = {
				ALWAYS_SEARCH_USER_PATHS = NO;
				CLANG_ANALYZER_NONNULL = YES;
				CLANG_ANALYZER_NUMBER_OBJECT_CONVERSION = YES_AGGRESSIVE;
				CLANG_CXX_LANGUAGE_STANDARD = "gnu++0x";
				CLANG_CXX_LIBRARY = "libc++";
				CLANG_ENABLE_MODULES = YES;
				CLANG_ENABLE_OBJC_ARC = YES;
				CLANG_WARN_BOOL_CONVERSION = YES;
				CLANG_WARN_CONSTANT_CONVERSION = YES;
				CLANG_WARN_DIRECT_OBJC_ISA_USAGE = YES_ERROR;
				CLANG_WARN_DOCUMENTATION_COMMENTS = YES;
				CLANG_WARN_EMPTY_BODY = YES;
				CLANG_WARN_ENUM_CONVERSION = YES;
				CLANG_WARN_INFINITE_RECURSION = YES;
				CLANG_WARN_INT_CONVERSION = YES;
				CLANG_WARN_OBJC_ROOT_CLASS = YES_ERROR;
				CLANG_WARN_SUSPICIOUS_MOVE = YES;
				CLANG_WARN_UNREACHABLE_CODE = YES;
				CLANG_WARN__DUPLICATE_METHOD_MATCH = YES;
				"CODE_SIGN_IDENTITY[sdk=iphoneos*]" = "iPhone Developer";
				COPY_PHASE_STRIP = NO;
				DEBUG_INFORMATION_FORMAT = dwarf;
				ENABLE_STRICT_OBJC_MSGSEND = YES;
				ENABLE_TESTABILITY = YES;
				GCC_C_LANGUAGE_STANDARD = gnu99;
				GCC_DYNAMIC_NO_PIC = NO;
				GCC_NO_COMMON_BLOCKS = YES;
				GCC_OPTIMIZATION_LEVEL = 0;
				GCC_PREPROCESSOR_DEFINITIONS = (
					"DEBUG=1",
					"$(inherited)",
				);
				GCC_WARN_64_TO_32_BIT_CONVERSION = YES;
				GCC_WARN_ABOUT_RETURN_TYPE = YES_ERROR;
				GCC_WARN_UNDECLARED_SELECTOR = YES;
				GCC_WARN_UNINITIALIZED_AUTOS = YES_AGGRESSIVE;
				GCC_WARN_UNUSED_FUNCTION = YES;
				GCC_WARN_UNUSED_VARIABLE = YES;
				IPHONEOS_DEPLOYMENT_TARGET = 10.3;
				MTL_ENABLE_DEBUG_INFO = YES;
				ONLY_ACTIVE_ARCH = YES;
				SDKROOT = iphoneos;
				SWIFT_ACTIVE_COMPILATION_CONDITIONS = DEBUG;
				SWIFT_OPTIMIZATION_LEVEL = "-Onone";
			};
			name = Debug;
		};
		9313BD771F3CE70F00CCD341 /* Release */ = {
			isa = XCBuildConfiguration;
			buildSettings = {
				ALWAYS_SEARCH_USER_PATHS = NO;
				CLANG_ANALYZER_NONNULL = YES;
				CLANG_ANALYZER_NUMBER_OBJECT_CONVERSION = YES_AGGRESSIVE;
				CLANG_CXX_LANGUAGE_STANDARD = "gnu++0x";
				CLANG_CXX_LIBRARY = "libc++";
				CLANG_ENABLE_MODULES = YES;
				CLANG_ENABLE_OBJC_ARC = YES;
				CLANG_WARN_BOOL_CONVERSION = YES;
				CLANG_WARN_CONSTANT_CONVERSION = YES;
				CLANG_WARN_DIRECT_OBJC_ISA_USAGE = YES_ERROR;
				CLANG_WARN_DOCUMENTATION_COMMENTS = YES;
				CLANG_WARN_EMPTY_BODY = YES;
				CLANG_WARN_ENUM_CONVERSION = YES;
				CLANG_WARN_INFINITE_RECURSION = YES;
				CLANG_WARN_INT_CONVERSION = YES;
				CLANG_WARN_OBJC_ROOT_CLASS = YES_ERROR;
				CLANG_WARN_SUSPICIOUS_MOVE = YES;
				CLANG_WARN_UNREACHABLE_CODE = YES;
				CLANG_WARN__DUPLICATE_METHOD_MATCH = YES;
				"CODE_SIGN_IDENTITY[sdk=iphoneos*]" = "iPhone Developer";
				COPY_PHASE_STRIP = NO;
				DEBUG_INFORMATION_FORMAT = "dwarf-with-dsym";
				ENABLE_NS_ASSERTIONS = NO;
				ENABLE_STRICT_OBJC_MSGSEND = YES;
				GCC_C_LANGUAGE_STANDARD = gnu99;
				GCC_NO_COMMON_BLOCKS = YES;
				GCC_WARN_64_TO_32_BIT_CONVERSION = YES;
				GCC_WARN_ABOUT_RETURN_TYPE = YES_ERROR;
				GCC_WARN_UNDECLARED_SELECTOR = YES;
				GCC_WARN_UNINITIALIZED_AUTOS = YES_AGGRESSIVE;
				GCC_WARN_UNUSED_FUNCTION = YES;
				GCC_WARN_UNUSED_VARIABLE = YES;
				IPHONEOS_DEPLOYMENT_TARGET = 10.3;
				MTL_ENABLE_DEBUG_INFO = NO;
				SDKROOT = iphoneos;
				SWIFT_OPTIMIZATION_LEVEL = "-Owholemodule";
				VALIDATE_PRODUCT = YES;
			};
			name = Release;
		};
		9313BD791F3CE70F00CCD341 /* Debug */ = {
			isa = XCBuildConfiguration;
			buildSettings = {
				ASSETCATALOG_COMPILER_APPICON_NAME = AppIcon;
				DEVELOPMENT_TEAM = CALM89H945;
				INFOPLIST_FILE = iOSMatchCentre/Info.plist;
				LD_RUNPATH_SEARCH_PATHS = "$(inherited) @executable_path/Frameworks";
				PRODUCT_BUNDLE_IDENTIFIER = GDaviesDev.iOSMatchCentre;
				PRODUCT_NAME = "$(TARGET_NAME)";
				SWIFT_VERSION = 3.0;
			};
			name = Debug;
		};
		9313BD7A1F3CE70F00CCD341 /* Release */ = {
			isa = XCBuildConfiguration;
			buildSettings = {
				ASSETCATALOG_COMPILER_APPICON_NAME = AppIcon;
				DEVELOPMENT_TEAM = CALM89H945;
				INFOPLIST_FILE = iOSMatchCentre/Info.plist;
				LD_RUNPATH_SEARCH_PATHS = "$(inherited) @executable_path/Frameworks";
				PRODUCT_BUNDLE_IDENTIFIER = GDaviesDev.iOSMatchCentre;
				PRODUCT_NAME = "$(TARGET_NAME)";
				SWIFT_VERSION = 3.0;
			};
			name = Release;
		};
		9313BD7C1F3CE70F00CCD341 /* Debug */ = {
			isa = XCBuildConfiguration;
			buildSettings = {
				ALWAYS_EMBED_SWIFT_STANDARD_LIBRARIES = YES;
				BUNDLE_LOADER = "$(TEST_HOST)";
				DEVELOPMENT_TEAM = CALM89H945;
				INFOPLIST_FILE = iOSMatchCentreTests/Info.plist;
				LD_RUNPATH_SEARCH_PATHS = "$(inherited) @executable_path/Frameworks @loader_path/Frameworks";
				PRODUCT_BUNDLE_IDENTIFIER = GDaviesDev.iOSMatchCentreTests;
				PRODUCT_NAME = "$(TARGET_NAME)";
				SWIFT_VERSION = 3.0;
				TEST_HOST = "$(BUILT_PRODUCTS_DIR)/iOSMatchCentre.app/iOSMatchCentre";
			};
			name = Debug;
		};
		9313BD7D1F3CE70F00CCD341 /* Release */ = {
			isa = XCBuildConfiguration;
			buildSettings = {
				ALWAYS_EMBED_SWIFT_STANDARD_LIBRARIES = YES;
				BUNDLE_LOADER = "$(TEST_HOST)";
				DEVELOPMENT_TEAM = CALM89H945;
				INFOPLIST_FILE = iOSMatchCentreTests/Info.plist;
				LD_RUNPATH_SEARCH_PATHS = "$(inherited) @executable_path/Frameworks @loader_path/Frameworks";
				PRODUCT_BUNDLE_IDENTIFIER = GDaviesDev.iOSMatchCentreTests;
				PRODUCT_NAME = "$(TARGET_NAME)";
				SWIFT_VERSION = 3.0;
				TEST_HOST = "$(BUILT_PRODUCTS_DIR)/iOSMatchCentre.app/iOSMatchCentre";
			};
			name = Release;
		};
		9313BD7F1F3CE70F00CCD341 /* Debug */ = {
			isa = XCBuildConfiguration;
			buildSettings = {
				ALWAYS_EMBED_SWIFT_STANDARD_LIBRARIES = YES;
				DEVELOPMENT_TEAM = CALM89H945;
				INFOPLIST_FILE = iOSMatchCentreUITests/Info.plist;
				LD_RUNPATH_SEARCH_PATHS = "$(inherited) @executable_path/Frameworks @loader_path/Frameworks";
				PRODUCT_BUNDLE_IDENTIFIER = GDaviesDev.iOSMatchCentreUITests;
				PRODUCT_NAME = "$(TARGET_NAME)";
				SWIFT_VERSION = 3.0;
				TEST_TARGET_NAME = iOSMatchCentre;
			};
			name = Debug;
		};
		9313BD801F3CE70F00CCD341 /* Release */ = {
			isa = XCBuildConfiguration;
			buildSettings = {
				ALWAYS_EMBED_SWIFT_STANDARD_LIBRARIES = YES;
				DEVELOPMENT_TEAM = CALM89H945;
				INFOPLIST_FILE = iOSMatchCentreUITests/Info.plist;
				LD_RUNPATH_SEARCH_PATHS = "$(inherited) @executable_path/Frameworks @loader_path/Frameworks";
				PRODUCT_BUNDLE_IDENTIFIER = GDaviesDev.iOSMatchCentreUITests;
				PRODUCT_NAME = "$(TARGET_NAME)";
				SWIFT_VERSION = 3.0;
				TEST_TARGET_NAME = iOSMatchCentre;
			};
			name = Release;
		};
/* End XCBuildConfiguration section */

/* Begin XCConfigurationList section */
		9313BD4B1F3CE70F00CCD341 /* Build configuration list for PBXProject "iOSMatchCentre" */ = {
			isa = XCConfigurationList;
			buildConfigurations = (
				9313BD761F3CE70F00CCD341 /* Debug */,
				9313BD771F3CE70F00CCD341 /* Release */,
			);
			defaultConfigurationIsVisible = 0;
			defaultConfigurationName = Release;
		};
		9313BD781F3CE70F00CCD341 /* Build configuration list for PBXNativeTarget "iOSMatchCentre" */ = {
			isa = XCConfigurationList;
			buildConfigurations = (
				9313BD791F3CE70F00CCD341 /* Debug */,
				9313BD7A1F3CE70F00CCD341 /* Release */,
			);
			defaultConfigurationIsVisible = 0;
			defaultConfigurationName = Release;
		};
		9313BD7B1F3CE70F00CCD341 /* Build configuration list for PBXNativeTarget "iOSMatchCentreTests" */ = {
			isa = XCConfigurationList;
			buildConfigurations = (
				9313BD7C1F3CE70F00CCD341 /* Debug */,
				9313BD7D1F3CE70F00CCD341 /* Release */,
			);
			defaultConfigurationIsVisible = 0;
			defaultConfigurationName = Release;
		};
		9313BD7E1F3CE70F00CCD341 /* Build configuration list for PBXNativeTarget "iOSMatchCentreUITests" */ = {
			isa = XCConfigurationList;
			buildConfigurations = (
				9313BD7F1F3CE70F00CCD341 /* Debug */,
				9313BD801F3CE70F00CCD341 /* Release */,
			);
			defaultConfigurationIsVisible = 0;
			defaultConfigurationName = Release;
		};
/* End XCConfigurationList section */
	};
	rootObject = 9313BD481F3CE70F00CCD341 /* Project object */;
}
